
Microsoft Visual Studio Solution File, Format Version 12.00
# Visual Studio Version 17
VisualStudioVersion = 17.11.35219.272
MinimumVisualStudioVersion = 10.0.40219.1
Project("{FAE04EC0-301F-11D3-BF4B-00C04F79EFBC}") = "Biblioteka.Android", "Biblioteka\Biblioteka.Android\Biblioteka.Android.csproj", "{68EBC686-41DE-482B-94D7-4E0639CCA270}"
EndProject
Project("{FAE04EC0-301F-11D3-BF4B-00C04F79EFBC}") = "Biblioteka", "Biblioteka\Biblioteka\Biblioteka.csproj", "{4A41B200-8347-49FF-AC2E-485AB11F3DEC}"
EndProject
Global
	GlobalSection(SolutionConfigurationPlatforms) = preSolution
		Debug|Any CPU = Debug|Any CPU
		Release|Any CPU = Release|Any CPU
	EndGlobalSection
	GlobalSection(ProjectConfigurationPlatforms) = postSolution
		{68EBC686-41DE-482B-94D7-4E0639CCA270}.Debug|Any CPU.ActiveCfg = Debug|Any CPU
		{68EBC686-41DE-482B-94D7-4E0639CCA270}.Debug|Any CPU.Build.0 = Debug|Any CPU
		{68EBC686-41DE-482B-94D7-4E0639CCA270}.Debug|Any CPU.Deploy.0 = Debug|Any CPU
		{68EBC686-41DE-482B-94D7-4E0639CCA270}.Release|Any CPU.ActiveCfg = Release|Any CPU
		{68EBC686-41DE-482B-94D7-4E0639CCA270}.Release|Any CPU.Build.0 = Release|Any CPU
		{68EBC686-41DE-482B-94D7-4E0639CCA270}.Release|Any CPU.Deploy.0 = Release|Any CPU
		{4A41B200-8347-49FF-AC2E-485AB11F3DEC}.Debug|Any CPU.ActiveCfg = Debug|Any CPU
		{4A41B200-8347-49FF-AC2E-485AB11F3DEC}.Debug|Any CPU.Build.0 = Debug|Any CPU
		{4A41B200-8347-49FF-AC2E-485AB11F3DEC}.Debug|Any CPU.Deploy.0 = Debug|Any CPU
		{4A41B200-8347-49FF-AC2E-485AB11F3DEC}.Release|Any CPU.ActiveCfg = Release|Any CPU
		{4A41B200-8347-49FF-AC2E-485AB11F3DEC}.Release|Any CPU.Build.0 = Release|Any CPU
		{4A41B200-8347-49FF-AC2E-485AB11F3DEC}.Release|Any CPU.Deploy.0 = Release|Any CPU
	EndGlobalSection
	GlobalSection(SolutionProperties) = preSolution
		HideSolutionNode = FALSE
	EndGlobalSection
	GlobalSection(ExtensibilityGlobals) = postSolution
		SolutionGuid = {B6189791-1334-44D0-8C78-517AE244C0C0}
	EndGlobalSection
EndGlobal
